{
  "name": "@the-filmroom/frontend",
  "version": "0.1.0",
  "lockfileVersion": 3,
  "requires": true,
  "packages": {
    "": {
      "name": "@the-filmroom/frontend",
      "version": "0.1.0",
      "dependencies": {
        "@ai-sdk/openai": "^1.0.0",
        "@livekit/components-react": "^2.9.14",
        "@livekit/components-styles": "^1.1.6",
        "@mastra/core": "^0.15.3",
        "@mastra/libsql": "^0.13.8",
        "@mastra/loggers": "^0.10.10",
        "@mastra/memory": "^0.14.3",
        "@radix-ui/react-slot": "^1.2.3",
        "class-variance-authority": "^0.7.1",
        "clsx": "^2.1.1",
        "date-fns": "^4.1.0",
        "livekit-client": "^2.15.6",
        "lucide-react": "^0.542.0",
        "next": "15.5.2",
        "react": "19.1.0",
        "react-dom": "19.1.0",
        "tailwind-merge": "^3.3.1"
      },
      "devDependencies": {
        "@tailwindcss/postcss": "^4",
        "@types/node": "^20",
        "@types/react": "^19",
        "@types/react-dom": "^19",
        "tailwindcss": "^4",
        "typescript": "^5"
      }
    },
    "../node_modules/.pnpm/@ai-sdk+openai@1.3.24_zod@4.1.5/node_modules/@ai-sdk/openai": {
      "version": "1.3.24",
      "license": "Apache-2.0",
      "dependencies": {
        "@ai-sdk/provider": "1.1.3",
        "@ai-sdk/provider-utils": "2.2.8"
      },
      "devDependencies": {
        "@types/node": "20.17.24",
        "@vercel/ai-tsconfig": "0.0.0",
        "tsup": "^8",
        "typescript": "5.6.3",
        "zod": "3.23.8"
      },
      "engines": {
        "node": ">=18"
      },
      "peerDependencies": {
        "zod": "^3.0.0"
      }
    },
    "../node_modules/.pnpm/@livekit+components-react@2.9.14_livekit-client@2.15.6_@types+dom-mediacapture-record@1.0.22__mx4nudtlwethuwz7cjomsyfmfy/node_modules/@livekit/components-react": {
      "version": "2.9.14",
      "license": "Apache-2.0",
      "dependencies": {
        "@livekit/components-core": "0.12.9",
        "clsx": "2.1.1",
        "usehooks-ts": "3.1.1"
      },
      "devDependencies": {
        "@livekit/protocol": "^1.23.0",
        "@microsoft/api-extractor": "^7.35.0",
        "@size-limit/file": "^11.0.2",
        "@size-limit/webpack": "^11.0.2",
        "@size-limit/webpack-why": "^11.1.6",
        "@svgr/cli": "^8.0.0",
        "@testing-library/react": "^16.0.0",
        "@types/react": "^18.0.25",
        "@types/react-dom": "^18.0.8",
        "@vitejs/plugin-react": "^4.3.2",
        "eslint-config-lk-custom": "0.1.3",
        "jsdom": "^26.0.0",
        "react": "^18.2.0",
        "react-dom": "^18.2.0",
        "rimraf": "^6.0.0",
        "size-limit": "^11.0.2",
        "vite": "^6.0.0",
        "vite-plugin-dts": "^4.2.3",
        "vitest": "^3.0.0"
      },
      "engines": {
        "node": ">=18"
      },
      "peerDependencies": {
        "@livekit/krisp-noise-filter": "^0.2.12 || ^0.3.0",
        "livekit-client": "^2.13.3",
        "react": ">=18",
        "react-dom": ">=18",
        "tslib": "^2.6.2"
      },
      "peerDependenciesMeta": {
        "@livekit/krisp-noise-filter": {
          "optional": true
        }
      }
    },
    "../node_modules/.pnpm/@livekit+components-styles@1.1.6/node_modules/@livekit/components-styles": {
      "version": "1.1.6",
      "license": "Apache-2.0",
      "devDependencies": {
        "modern-normalize": "^3.0.0",
        "nodemon": "^3.0.0",
        "postcss": "^8.4.17",
        "postcss-cli": "^11.0.0",
        "postcss-prefixer": "^3.0.0",
        "postcss-variables-prefixer": "^1.2.0",
        "rimraf": "^6.0.0",
        "sass": "^1.54.6",
        "typed-scss-modules": "^8.0.0",
        "vitest": "^3.0.0"
      },
      "engines": {
        "node": ">=18"
      }
    },
    "../node_modules/.pnpm/@mastra+core@0.15.3_openapi-types@12.1.3_react@19.1.0_zod@4.1.5/node_modules/@mastra/core": {
      "version": "0.15.3",
      "license": "Apache-2.0",
      "dependencies": {
        "@a2a-js/sdk": "~0.2.4",
        "@ai-sdk/provider": "^1.1.3",
        "@ai-sdk/provider-utils": "^2.2.8",
        "@ai-sdk/provider-utils-v5": "npm:@ai-sdk/provider-utils@3.0.3",
        "@ai-sdk/provider-v5": "npm:@ai-sdk/provider@2.0.0",
        "@ai-sdk/ui-utils": "^1.2.11",
        "@mastra/schema-compat": "0.11.2",
        "@opentelemetry/api": "^1.9.0",
        "@opentelemetry/auto-instrumentations-node": "^0.62.1",
        "@opentelemetry/core": "^2.0.1",
        "@opentelemetry/exporter-trace-otlp-grpc": "^0.203.0",
        "@opentelemetry/exporter-trace-otlp-http": "^0.203.0",
        "@opentelemetry/otlp-exporter-base": "^0.203.0",
        "@opentelemetry/otlp-transformer": "^0.203.0",
        "@opentelemetry/resources": "^2.0.1",
        "@opentelemetry/sdk-metrics": "^2.0.1",
        "@opentelemetry/sdk-node": "^0.203.0",
        "@opentelemetry/sdk-trace-base": "^2.0.1",
        "@opentelemetry/sdk-trace-node": "^2.0.1",
        "@opentelemetry/semantic-conventions": "^1.36.0",
        "@sindresorhus/slugify": "^2.2.1",
        "ai": "^4.3.19",
        "ai-v5": "npm:ai@5.0.28",
        "date-fns": "^3.6.0",
        "dotenv": "^16.6.1",
        "hono": "^4.8.12",
        "hono-openapi": "^0.4.8",
        "js-tiktoken": "^1.0.20",
        "json-schema": "^0.4.0",
        "json-schema-to-zod": "^2.6.1",
        "p-map": "^7.0.3",
        "pino": "^9.7.0",
        "pino-pretty": "^13.0.0",
        "radash": "^12.1.1",
        "sift": "^17.1.3",
        "xstate": "^5.20.1",
        "zod-to-json-schema": "^3.24.6"
      },
      "devDependencies": {
        "@ai-sdk/openai": "^1.3.24",
        "@ai-sdk/openai-v5": "npm:@ai-sdk/openai@2.0.23",
        "@babel/core": "^7.28.0",
        "@internal/lint": "0.0.35",
        "@internal/types-builder": "0.0.10",
        "@microsoft/api-extractor": "^7.52.8",
        "@openrouter/ai-sdk-provider": "^0.4.6",
        "@types/babel__core": "^7.20.5",
        "@types/json-schema": "^7.0.15",
        "@types/lodash-es": "^4.17.12",
        "@types/node": "^20.19.0",
        "@types/pino": "^7.0.5",
        "@types/qs": "^6.14.0",
        "eslint": "^9.30.1",
        "fast-deep-equal": "^3.1.3",
        "globby": "^14.1.0",
        "rollup": "^4.42.0",
        "tsup": "^8.5.0",
        "typescript": "^5.8.3",
        "vitest": "^3.2.4",
        "zod": "^3.25.76"
      },
      "engines": {
        "node": ">=20"
      },
      "peerDependencies": {
        "zod": "^3.25.0 || ^4.0.0"
      }
    },
    "../node_modules/.pnpm/@mastra+libsql@0.13.8_@mastra+core@0.15.3_openapi-types@12.1.3_react@19.1.0_zod@4.1.5_/node_modules/@mastra/libsql": {
      "version": "0.13.8",
      "license": "Apache-2.0",
      "dependencies": {
        "@libsql/client": "^0.15.14"
      },
      "devDependencies": {
        "@internal/lint": "0.0.35",
        "@internal/storage-test-utils": "0.0.31",
        "@internal/types-builder": "0.0.10",
        "@mastra/core": "0.15.3",
        "@microsoft/api-extractor": "^7.52.8",
        "@types/node": "^20.19.0",
        "eslint": "^9.30.1",
        "tsup": "^8.5.0",
        "typescript": "^5.8.3",
        "vitest": "^3.2.4"
      },
      "peerDependencies": {
        "@mastra/core": ">=0.15.3-0 <0.16.0-0"
      }
    },
    "../node_modules/.pnpm/@mastra+loggers@0.10.10_@mastra+core@0.15.3_openapi-types@12.1.3_react@19.1.0_zod@4.1.5_/node_modules/@mastra/loggers": {
      "version": "0.10.10",
      "license": "Apache-2.0",
      "dependencies": {
        "pino": "^9.7.0",
        "pino-pretty": "^13.0.0"
      },
      "devDependencies": {
        "@internal/lint": "0.0.35",
        "@internal/types-builder": "0.0.10",
        "@mastra/core": "0.15.3",
        "@microsoft/api-extractor": "^7.52.8",
        "@types/node": "^20.19.0",
        "eslint": "^9.30.1",
        "tsup": "^8.5.0",
        "typescript": "^5.8.3",
        "vitest": "^3.2.4"
      },
      "peerDependencies": {
        "@mastra/core": ">=0.15.3-0 <0.16.0-0"
      }
    },
    "../node_modules/.pnpm/@mastra+memory@0.14.3_@mastra+core@0.15.3_openapi-types@12.1.3_react@19.1.0_zod@4.1.5__react@19.1.0_zod@4.1.5/node_modules/@mastra/memory": {
      "version": "0.14.3",
      "license": "Apache-2.0",
      "dependencies": {
        "@mastra/schema-compat": "0.11.2",
        "@upstash/redis": "^1.35.3",
        "ai": "^4.3.19",
        "ai-v5": "npm:ai@5.0.28",
        "async-mutex": "^0.5.0",
        "js-tiktoken": "^1.0.20",
        "json-schema": "^0.4.0",
        "pg": "^8.16.3",
        "pg-pool": "^3.10.1",
        "postgres": "^3.4.7",
        "redis": "^5.8.2",
        "xxhash-wasm": "^1.1.0",
        "zod-to-json-schema": "^3.24.6"
      },
      "devDependencies": {
        "@ai-sdk/openai": "^1.3.24",
        "@internal/lint": "0.0.35",
        "@internal/types-builder": "0.0.10",
        "@mastra/core": "0.15.3",
        "@microsoft/api-extractor": "^7.52.8",
        "@types/json-schema": "^7.0.15",
        "@types/node": "^20.19.0",
        "@types/pg": "^8.15.5",
        "eslint": "^9.30.1",
        "tsup": "^8.5.0",
        "typescript": "^5.8.3",
        "typescript-eslint": "^8.38.0",
        "vitest": "^3.2.4"
      },
      "peerDependencies": {
        "@mastra/core": ">=0.15.3-0 <0.16.0-0",
        "zod": "^3.25.0 || ^4.0.0"
      }
    },
    "../node_modules/.pnpm/@radix-ui+react-slot@1.2.3_@types+react@19.1.12_react@19.1.0/node_modules/@radix-ui/react-slot": {
      "version": "1.2.3",
      "license": "MIT",
      "dependencies": {
        "@radix-ui/react-compose-refs": "1.1.2"
      },
      "devDependencies": {
        "@repo/builder": "0.0.0",
        "@repo/eslint-config": "0.0.0",
        "@repo/typescript-config": "0.0.0",
        "@types/react": "^19.0.7",
        "@types/react-dom": "^19.0.3",
        "eslint": "^9.18.0",
        "react": "^19.1.0",
        "react-dom": "^19.1.0",
        "typescript": "^5.7.3"
      },
      "peerDependencies": {
        "@types/react": "*",
        "react": "^16.8 || ^17.0 || ^18.0 || ^19.0 || ^19.0.0-rc"
      },
      "peerDependenciesMeta": {
        "@types/react": {
          "optional": true
        }
      }
    },
    "../node_modules/.pnpm/@tailwindcss+postcss@4.1.12/node_modules/@tailwindcss/postcss": {
      "version": "4.1.12",
      "dev": true,
      "license": "MIT",
      "dependencies": {
        "@alloc/quick-lru": "^5.2.0",
        "@tailwindcss/node": "4.1.12",
        "@tailwindcss/oxide": "4.1.12",
        "postcss": "^8.4.41",
        "tailwindcss": "4.1.12"
      },
      "devDependencies": {
        "@types/node": "^20.19.0",
        "@types/postcss-import": "14.0.3",
        "dedent": "1.6.0",
        "internal-example-plugin": "0.0.0",
        "postcss-import": "^16.1.1"
      }
    },
    "../node_modules/.pnpm/@types+node@20.19.11/node_modules/@types/node": {
      "version": "20.19.11",
      "dev": true,
      "license": "MIT",
      "dependencies": {
        "undici-types": "~6.21.0"
      }
    },
    "../node_modules/.pnpm/@types+react-dom@19.1.9_@types+react@19.1.12/node_modules/@types/react-dom": {
      "version": "19.1.9",
      "dev": true,
      "license": "MIT",
      "peerDependencies": {
        "@types/react": "^19.0.0"
      }
    },
    "../node_modules/.pnpm/@types+react@19.1.12/node_modules/@types/react": {
      "version": "19.1.12",
      "dev": true,
      "license": "MIT",
      "dependencies": {
        "csstype": "^3.0.2"
      }
    },
    "../node_modules/.pnpm/class-variance-authority@0.7.1/node_modules/class-variance-authority": {
      "version": "0.7.1",
      "license": "Apache-2.0",
      "dependencies": {
        "clsx": "^2.1.1"
      },
      "devDependencies": {
        "@swc/cli": "0.3.12",
        "@swc/core": "1.4.16",
        "@types/node": "20.12.7",
        "@types/react": "18.2.79",
        "@types/react-dom": "18.2.25",
        "bundlesize": "0.18.2",
        "npm-run-all": "4.1.5",
        "react": "18.2.0",
        "react-dom": "18.2.0",
        "ts-node": "10.9.2",
        "typescript": "5.4.5"
      },
      "funding": {
        "url": "https://polar.sh/cva"
      }
    },
    "../node_modules/.pnpm/clsx@2.1.1/node_modules/clsx": {
      "version": "2.1.1",
      "license": "MIT",
      "devDependencies": {
        "esm": "3.2.25",
        "terser": "4.8.0",
        "uvu": "0.5.4"
      },
      "engines": {
        "node": ">=6"
      }
    },
    "../node_modules/.pnpm/livekit-client@2.15.6_@types+dom-mediacapture-record@1.0.22/node_modules/livekit-client": {
      "version": "2.15.6",
      "license": "Apache-2.0",
      "dependencies": {
        "@livekit/mutex": "1.1.1",
        "@livekit/protocol": "1.39.3",
        "events": "^3.3.0",
        "loglevel": "^1.9.2",
        "sdp-transform": "^2.15.0",
        "ts-debounce": "^4.0.0",
        "tslib": "2.8.1",
        "typed-emitter": "^2.1.0",
        "webrtc-adapter": "^9.0.1"
      },
      "devDependencies": {
        "@babel/core": "7.28.3",
        "@babel/preset-env": "7.28.3",
        "@bufbuild/protoc-gen-es": "^1.10.0",
        "@changesets/cli": "2.29.5",
        "@livekit/changesets-changelog-github": "^0.0.4",
        "@rollup/plugin-babel": "6.0.4",
        "@rollup/plugin-commonjs": "28.0.6",
        "@rollup/plugin-json": "6.1.0",
        "@rollup/plugin-node-resolve": "16.0.1",
        "@rollup/plugin-terser": "^0.4.4",
        "@size-limit/file": "^11.2.0",
        "@size-limit/webpack": "^11.2.0",
        "@trivago/prettier-plugin-sort-imports": "^5.0.0",
        "@types/events": "^3.0.3",
        "@types/sdp-transform": "2.4.10",
        "@types/ua-parser-js": "0.7.39",
        "@typescript-eslint/eslint-plugin": "7.18.0",
        "@typescript-eslint/parser": "7.18.0",
        "downlevel-dts": "^0.11.0",
        "eslint": "8.57.1",
        "eslint-config-airbnb-typescript": "18.0.0",
        "eslint-config-prettier": "10.1.8",
        "eslint-plugin-ecmascript-compat": "^3.2.1",
        "eslint-plugin-import": "2.32.0",
        "gh-pages": "6.3.0",
        "happy-dom": "^17.2.0",
        "jsdom": "^26.1.0",
        "prettier": "^3.4.2",
        "rollup": "4.46.2",
        "rollup-plugin-delete": "^2.1.0",
        "rollup-plugin-typescript2": "0.36.0",
        "size-limit": "^11.2.0",
        "typedoc": "0.28.10",
        "typedoc-plugin-no-inherit": "1.6.1",
        "typescript": "5.8.3",
        "vite": "7.1.2",
        "vitest": "^3.0.0"
      },
      "peerDependencies": {
        "@types/dom-mediacapture-record": "^1"
      }
    },
    "../node_modules/.pnpm/lucide-react@0.542.0_react@19.1.0/node_modules/lucide-react": {
      "version": "0.542.0",
      "license": "ISC",
      "devDependencies": {
        "@lucide/build-icons": "1.1.0",
        "@lucide/rollup-plugins": "1.0.0",
        "@lucide/shared": "1.0.0",
        "@testing-library/jest-dom": "^6.1.6",
        "@testing-library/react": "^14.1.2",
        "@types/react": "^18.2.37",
        "@vitejs/plugin-react": "^4.4.1",
        "jest-serializer-html": "^7.1.0",
        "react": "18.2.0",
        "react-dom": "18.2.0",
        "rollup": "^4.22.4",
        "rollup-plugin-dts": "^6.1.0",
        "rollup-plugin-preserve-directives": "^0.4.0",
        "typescript": "^5.8.3",
        "vite": "^6.3.4",
        "vitest": "^3.1.3"
      },
      "peerDependencies": {
        "react": "^16.5.1 || ^17.0.0 || ^18.0.0 || ^19.0.0"
      }
    },
    "../node_modules/.pnpm/next@15.5.2_@opentelemetry+api@1.9.0_react-dom@19.1.0_react@19.1.0__react@19.1.0/node_modules/next": {
      "version": "15.5.2",
      "license": "MIT",
      "dependencies": {
        "@next/env": "15.5.2",
        "@swc/helpers": "0.5.15",
        "caniuse-lite": "^1.0.30001579",
        "postcss": "8.4.31",
        "styled-jsx": "5.1.6"
      },
      "bin": {
        "next": "dist/bin/next"
      },
      "devDependencies": {
        "@ampproject/toolbox-optimizer": "2.8.3",
        "@babel/code-frame": "7.26.2",
        "@babel/core": "7.26.10",
        "@babel/eslint-parser": "7.24.6",
        "@babel/generator": "7.27.0",
        "@babel/plugin-syntax-bigint": "7.8.3",
        "@babel/plugin-syntax-dynamic-import": "7.8.3",
        "@babel/plugin-syntax-import-attributes": "7.26.0",
        "@babel/plugin-syntax-jsx": "7.25.9",
        "@babel/plugin-syntax-typescript": "7.25.4",
        "@babel/plugin-transform-class-properties": "7.25.9",
        "@babel/plugin-transform-export-namespace-from": "7.25.9",
        "@babel/plugin-transform-modules-commonjs": "7.26.3",
        "@babel/plugin-transform-numeric-separator": "7.25.9",
        "@babel/plugin-transform-object-rest-spread": "7.25.9",
        "@babel/plugin-transform-runtime": "7.26.10",
        "@babel/preset-env": "7.26.9",
        "@babel/preset-react": "7.26.3",
        "@babel/preset-typescript": "7.27.0",
        "@babel/runtime": "7.27.0",
        "@babel/traverse": "7.27.0",
        "@babel/types": "7.27.0",
        "@base-ui-components/react": "1.0.0-beta.2",
        "@capsizecss/metrics": "3.4.0",
        "@edge-runtime/cookies": "6.0.0",
        "@edge-runtime/ponyfill": "4.0.0",
        "@edge-runtime/primitives": "6.0.0",
        "@hapi/accept": "5.0.2",
        "@jest/transform": "29.5.0",
        "@jest/types": "29.5.0",
        "@mswjs/interceptors": "0.23.0",
        "@napi-rs/triples": "1.2.0",
        "@next/font": "15.5.2",
        "@next/polyfill-module": "15.5.2",
        "@next/polyfill-nomodule": "15.5.2",
        "@next/react-refresh-utils": "15.5.2",
        "@next/swc": "15.5.2",
        "@opentelemetry/api": "1.6.0",
        "@playwright/test": "1.51.1",
        "@rspack/core": "1.4.5",
        "@storybook/addon-a11y": "8.6.0",
        "@storybook/addon-essentials": "8.6.0",
        "@storybook/addon-interactions": "8.6.0",
        "@storybook/addon-webpack5-compiler-swc": "3.0.0",
        "@storybook/blocks": "8.6.0",
        "@storybook/react": "8.6.0",
        "@storybook/react-webpack5": "8.6.0",
        "@storybook/test": "8.6.0",
        "@storybook/test-runner": "0.21.0",
        "@swc/core": "1.11.24",
        "@swc/types": "0.1.7",
        "@taskr/clear": "1.1.0",
        "@taskr/esnext": "1.1.0",
        "@types/amphtml-validator": "1.0.0",
        "@types/babel__code-frame": "7.0.6",
        "@types/babel__core": "7.20.5",
        "@types/babel__generator": "7.27.0",
        "@types/babel__template": "7.4.4",
        "@types/babel__traverse": "7.20.7",
        "@types/bytes": "3.1.1",
        "@types/ci-info": "2.0.0",
        "@types/compression": "0.0.36",
        "@types/content-disposition": "0.5.4",
        "@types/content-type": "1.1.3",
        "@types/cookie": "0.3.3",
        "@types/cross-spawn": "6.0.0",
        "@types/debug": "4.1.5",
        "@types/express-serve-static-core": "4.17.33",
        "@types/fresh": "0.5.0",
        "@types/glob": "7.1.1",
        "@types/jsonwebtoken": "9.0.0",
        "@types/lodash": "4.14.198",
        "@types/lodash.curry": "4.1.6",
        "@types/path-to-regexp": "1.7.0",
        "@types/picomatch": "2.3.3",
        "@types/platform": "1.3.4",
        "@types/react": "19.0.8",
        "@types/react-dom": "19.0.3",
        "@types/react-is": "18.2.4",
        "@types/semver": "7.3.1",
        "@types/send": "0.14.4",
        "@types/shell-quote": "1.7.1",
        "@types/tar": "6.1.5",
        "@types/text-table": "0.2.1",
        "@types/ua-parser-js": "0.7.36",
        "@types/webpack-sources1": "npm:@types/webpack-sources@0.1.5",
        "@types/ws": "8.2.0",
        "@vercel/ncc": "0.34.0",
        "@vercel/nft": "0.27.1",
        "@vercel/turbopack-ecmascript-runtime": "*",
        "acorn": "8.14.0",
        "amphtml-validator": "1.0.38",
        "anser": "1.4.9",
        "arg": "4.1.0",
        "assert": "2.0.0",
        "async-retry": "1.2.3",
        "async-sema": "3.0.0",
        "axe-playwright": "2.0.3",
        "babel-loader": "10.0.0",
        "babel-plugin-react-compiler": "19.1.0-rc.2",
        "babel-plugin-transform-define": "2.0.0",
        "babel-plugin-transform-react-remove-prop-types": "0.4.24",
        "browserify-zlib": "0.2.0",
        "browserslist": "4.24.4",
        "buffer": "5.6.0",
        "busboy": "1.6.0",
        "bytes": "3.1.1",
        "ci-info": "watson/ci-info#f43f6a1cefff47fb361c88cf4b943fdbcaafe540",
        "cli-select": "1.1.2",
        "client-only": "0.0.1",
        "commander": "12.1.0",
        "comment-json": "3.0.3",
        "compression": "1.7.4",
        "conf": "5.0.0",
        "constants-browserify": "1.0.0",
        "content-disposition": "0.5.3",
        "content-type": "1.0.4",
        "cookie": "0.4.1",
        "cross-env": "6.0.3",
        "cross-spawn": "7.0.3",
        "crypto-browserify": "3.12.0",
        "css-loader": "7.1.2",
        "css.escape": "1.5.1",
        "cssnano-preset-default": "7.0.6",
        "data-uri-to-buffer": "3.0.1",
        "debug": "4.1.1",
        "devalue": "2.0.1",
        "domain-browser": "4.19.0",
        "edge-runtime": "4.0.1",
        "events": "3.3.0",
        "find-up": "4.1.0",
        "fresh": "0.5.2",
        "glob": "7.1.7",
        "gzip-size": "5.1.1",
        "http-proxy": "1.18.1",
        "http-proxy-agent": "5.0.0",
        "https-browserify": "1.0.0",
        "https-proxy-agent": "5.0.1",
        "icss-utils": "5.1.0",
        "ignore-loader": "0.1.2",
        "image-size": "1.2.1",
        "is-docker": "2.0.0",
        "is-wsl": "2.2.0",
        "jest-worker": "27.5.1",
        "json5": "2.2.3",
        "jsonwebtoken": "9.0.0",
        "loader-runner": "4.3.0",
        "loader-utils2": "npm:loader-utils@2.0.4",
        "loader-utils3": "npm:loader-utils@3.1.3",
        "lodash.curry": "4.1.1",
        "mini-css-extract-plugin": "2.4.4",
        "msw": "2.3.0",
        "nanoid": "3.1.32",
        "native-url": "0.3.4",
        "neo-async": "2.6.1",
        "node-html-parser": "5.3.3",
        "ora": "4.0.4",
        "os-browserify": "0.3.0",
        "p-limit": "3.1.0",
        "p-queue": "6.6.2",
        "path-browserify": "1.0.1",
        "path-to-regexp": "6.3.0",
        "picomatch": "4.0.1",
        "postcss-flexbugs-fixes": "5.0.2",
        "postcss-modules-extract-imports": "3.0.0",
        "postcss-modules-local-by-default": "4.2.0",
        "postcss-modules-scope": "3.0.0",
        "postcss-modules-values": "4.0.0",
        "postcss-preset-env": "7.4.3",
        "postcss-safe-parser": "6.0.0",
        "postcss-scss": "4.0.3",
        "postcss-value-parser": "4.2.0",
        "process": "0.11.10",
        "punycode": "2.1.1",
        "querystring-es3": "0.2.1",
        "raw-body": "2.4.1",
        "react-refresh": "0.12.0",
        "recast": "0.23.11",
        "regenerator-runtime": "0.13.4",
        "safe-stable-stringify": "2.5.0",
        "sass-loader": "15.0.0",
        "schema-utils2": "npm:schema-utils@2.7.1",
        "schema-utils3": "npm:schema-utils@3.0.0",
        "semver": "7.3.2",
        "send": "0.18.0",
        "server-only": "0.0.1",
        "setimmediate": "1.0.5",
        "shell-quote": "1.7.3",
        "source-map": "0.6.1",
        "source-map-loader": "5.0.0",
        "source-map08": "npm:source-map@0.8.0-beta.0",
        "stacktrace-parser": "0.1.10",
        "storybook": "8.6.0",
        "stream-browserify": "3.0.0",
        "stream-http": "3.1.1",
        "strict-event-emitter": "0.5.0",
        "string_decoder": "1.3.0",
        "string-hash": "1.1.3",
        "strip-ansi": "6.0.0",
        "style-loader": "4.0.0",
        "superstruct": "1.0.3",
        "tar": "6.1.15",
        "taskr": "1.1.0",
        "terser": "5.27.0",
        "terser-webpack-plugin": "5.3.9",
        "text-table": "0.2.0",
        "timers-browserify": "2.0.12",
        "tty-browserify": "0.0.1",
        "typescript": "5.8.2",
        "ua-parser-js": "1.0.35",
        "unistore": "3.4.1",
        "util": "0.12.4",
        "vm-browserify": "1.1.2",
        "watchpack": "2.4.0",
        "web-vitals": "4.2.1",
        "webpack": "5.98.0",
        "webpack-sources1": "npm:webpack-sources@1.4.3",
        "webpack-sources3": "npm:webpack-sources@3.2.3",
        "ws": "8.2.3",
        "zod": "3.25.76",
        "zod-validation-error": "3.4.0"
      },
      "engines": {
        "node": "^18.18.0 || ^19.8.0 || >= 20.0.0"
      },
      "optionalDependencies": {
        "@next/swc-darwin-arm64": "15.5.2",
        "@next/swc-darwin-x64": "15.5.2",
        "@next/swc-linux-arm64-gnu": "15.5.2",
        "@next/swc-linux-arm64-musl": "15.5.2",
        "@next/swc-linux-x64-gnu": "15.5.2",
        "@next/swc-linux-x64-musl": "15.5.2",
        "@next/swc-win32-arm64-msvc": "15.5.2",
        "@next/swc-win32-x64-msvc": "15.5.2",
        "sharp": "^0.34.3"
      },
      "peerDependencies": {
        "@opentelemetry/api": "^1.1.0",
        "@playwright/test": "^1.51.1",
        "babel-plugin-react-compiler": "*",
        "react": "^18.2.0 || 19.0.0-rc-de68d2f4-20241204 || ^19.0.0",
        "react-dom": "^18.2.0 || 19.0.0-rc-de68d2f4-20241204 || ^19.0.0",
        "sass": "^1.3.0"
      },
      "peerDependenciesMeta": {
        "@opentelemetry/api": {
          "optional": true
        },
        "@playwright/test": {
          "optional": true
        },
        "babel-plugin-react-compiler": {
          "optional": true
        },
        "sass": {
          "optional": true
        }
      }
    },
    "../node_modules/.pnpm/react-dom@19.1.0_react@19.1.0/node_modules/react-dom": {
      "version": "19.1.0",
      "license": "MIT",
      "dependencies": {
        "scheduler": "^0.26.0"
      },
      "peerDependencies": {
        "react": "^19.1.0"
      }
    },
    "../node_modules/.pnpm/react@19.1.0/node_modules/react": {
      "version": "19.1.0",
      "license": "MIT",
      "engines": {
        "node": ">=0.10.0"
      }
    },
    "../node_modules/.pnpm/tailwind-merge@3.3.1/node_modules/tailwind-merge": {
      "version": "3.3.1",
      "license": "MIT",
      "devDependencies": {
        "@babel/core": "^7.27.4",
        "@babel/preset-env": "^7.27.2",
        "@codspeed/vitest-plugin": "^4.0.1",
        "@rollup/plugin-babel": "^6.0.4",
        "@rollup/plugin-node-resolve": "^16.0.1",
        "@rollup/plugin-typescript": "^12.1.2",
        "@vitest/coverage-v8": "^3.1.4",
        "@vitest/eslint-plugin": "^1.2.1",
        "babel-plugin-annotate-pure-calls": "^0.5.0",
        "babel-plugin-polyfill-regenerator": "^0.6.4",
        "eslint": "^9.28.0",
        "eslint-plugin-import": "^2.31.0",
        "globby": "^11.1.0",
        "prettier": "^3.5.3",
        "rollup": "^4.41.1",
        "rollup-plugin-delete": "^3.0.1",
        "rollup-plugin-dts": "^6.2.1",
        "tslib": "^2.8.1",
        "typescript": "^5.8.3",
        "typescript-eslint": "^8.33.0",
        "vitest": "^3.1.4",
        "zx": "^8.5.4"
      },
      "funding": {
        "type": "github",
        "url": "https://github.com/sponsors/dcastil"
      }
    },
    "../node_modules/.pnpm/tailwindcss@4.1.12/node_modules/tailwindcss": {
      "version": "4.1.12",
      "dev": true,
      "license": "MIT",
      "devDependencies": {
        "@jridgewell/remapping": "^2.3.4",
        "@tailwindcss/oxide": "^4.1.12",
        "@types/node": "^20.19.0",
        "dedent": "1.6.0",
        "lightningcss": "1.30.1",
        "magic-string": "^0.30.17",
        "source-map-js": "^1.2.1"
      }
    },
    "../node_modules/.pnpm/typescript@5.9.2/node_modules/typescript": {
      "version": "5.9.2",
      "dev": true,
      "license": "Apache-2.0",
      "bin": {
        "tsc": "bin/tsc",
        "tsserver": "bin/tsserver"
      },
      "devDependencies": {
        "@dprint/formatter": "^0.4.1",
        "@dprint/typescript": "0.93.4",
        "@esfx/canceltoken": "^1.0.0",
        "@eslint/js": "^9.20.0",
        "@octokit/rest": "^21.1.1",
        "@types/chai": "^4.3.20",
        "@types/diff": "^7.0.1",
        "@types/minimist": "^1.2.5",
        "@types/mocha": "^10.0.10",
        "@types/ms": "^0.7.34",
        "@types/node": "latest",
        "@types/source-map-support": "^0.5.10",
        "@types/which": "^3.0.4",
        "@typescript-eslint/rule-tester": "^8.24.1",
        "@typescript-eslint/type-utils": "^8.24.1",
        "@typescript-eslint/utils": "^8.24.1",
        "azure-devops-node-api": "^14.1.0",
        "c8": "^10.1.3",
        "chai": "^4.5.0",
        "chokidar": "^4.0.3",
        "diff": "^7.0.0",
        "dprint": "^0.49.0",
        "esbuild": "^0.25.0",
        "eslint": "^9.20.1",
        "eslint-formatter-autolinkable-stylish": "^1.4.0",
        "eslint-plugin-regexp": "^2.7.0",
        "fast-xml-parser": "^4.5.2",
        "glob": "^10.4.5",
        "globals": "^15.15.0",
        "hereby": "^1.10.0",
        "jsonc-parser": "^3.3.1",
        "knip": "^5.44.4",
        "minimist": "^1.2.8",
        "mocha": "^10.8.2",
        "mocha-fivemat-progress-reporter": "^0.1.0",
        "monocart-coverage-reports": "^2.12.1",
        "ms": "^2.1.3",
        "picocolors": "^1.1.1",
        "playwright": "^1.50.1",
        "source-map-support": "^0.5.21",
        "tslib": "^2.8.1",
        "typescript": "^5.7.3",
        "typescript-eslint": "^8.24.1",
        "which": "^3.0.1"
      },
      "engines": {
        "node": ">=14.17"
      }
    },
    "node_modules/@ai-sdk/openai": {
      "resolved": "../node_modules/.pnpm/@ai-sdk+openai@1.3.24_zod@4.1.5/node_modules/@ai-sdk/openai",
      "link": true
    },
    "node_modules/@livekit/components-react": {
      "resolved": "../node_modules/.pnpm/@livekit+components-react@2.9.14_livekit-client@2.15.6_@types+dom-mediacapture-record@1.0.22__mx4nudtlwethuwz7cjomsyfmfy/node_modules/@livekit/components-react",
      "link": true
    },
    "node_modules/@livekit/components-styles": {
      "resolved": "../node_modules/.pnpm/@livekit+components-styles@1.1.6/node_modules/@livekit/components-styles",
      "link": true
    },
    "node_modules/@mastra/core": {
      "resolved": "../node_modules/.pnpm/@mastra+core@0.15.3_openapi-types@12.1.3_react@19.1.0_zod@4.1.5/node_modules/@mastra/core",
      "link": true
    },
    "node_modules/@mastra/libsql": {
      "resolved": "../node_modules/.pnpm/@mastra+libsql@0.13.8_@mastra+core@0.15.3_openapi-types@12.1.3_react@19.1.0_zod@4.1.5_/node_modules/@mastra/libsql",
      "link": true
    },
    "node_modules/@mastra/loggers": {
      "resolved": "../node_modules/.pnpm/@mastra+loggers@0.10.10_@mastra+core@0.15.3_openapi-types@12.1.3_react@19.1.0_zod@4.1.5_/node_modules/@mastra/loggers",
      "link": true
    },
    "node_modules/@mastra/memory": {
      "resolved": "../node_modules/.pnpm/@mastra+memory@0.14.3_@mastra+core@0.15.3_openapi-types@12.1.3_react@19.1.0_zod@4.1.5__react@19.1.0_zod@4.1.5/node_modules/@mastra/memory",
      "link": true
    },
    "node_modules/@radix-ui/react-slot": {
      "resolved": "../node_modules/.pnpm/@radix-ui+react-slot@1.2.3_@types+react@19.1.12_react@19.1.0/node_modules/@radix-ui/react-slot",
      "link": true
    },
    "node_modules/@tailwindcss/postcss": {
      "resolved": "../node_modules/.pnpm/@tailwindcss+postcss@4.1.12/node_modules/@tailwindcss/postcss",
      "link": true
    },
    "node_modules/@types/node": {
      "resolved": "../node_modules/.pnpm/@types+node@20.19.11/node_modules/@types/node",
      "link": true
    },
    "node_modules/@types/react": {
      "resolved": "../node_modules/.pnpm/@types+react@19.1.12/node_modules/@types/react",
      "link": true
    },
    "node_modules/@types/react-dom": {
      "resolved": "../node_modules/.pnpm/@types+react-dom@19.1.9_@types+react@19.1.12/node_modules/@types/react-dom",
      "link": true
    },
    "node_modules/class-variance-authority": {
      "resolved": "../node_modules/.pnpm/class-variance-authority@0.7.1/node_modules/class-variance-authority",
      "link": true
    },
    "node_modules/clsx": {
      "resolved": "../node_modules/.pnpm/clsx@2.1.1/node_modules/clsx",
      "link": true
    },
    "node_modules/date-fns": {
      "version": "4.1.0",
      "resolved": "https://registry.npmjs.org/date-fns/-/date-fns-4.1.0.tgz",
      "integrity": "sha512-Ukq0owbQXxa/U3EGtsdVBkR1w7KOQ5gIBqdH2hkvknzZPYvBxb/aa6E8L7tmjFtkwZBu3UXBbjIgPo/Ez4xaNg==",
      "license": "MIT",
      "funding": {
        "type": "github",
        "url": "https://github.com/sponsors/kossnocorp"
      }
    },
    "node_modules/livekit-client": {
      "resolved": "../node_modules/.pnpm/livekit-client@2.15.6_@types+dom-mediacapture-record@1.0.22/node_modules/livekit-client",
      "link": true
    },
    "node_modules/lucide-react": {
      "resolved": "../node_modules/.pnpm/lucide-react@0.542.0_react@19.1.0/node_modules/lucide-react",
      "link": true
    },
    "node_modules/next": {
      "resolved": "../node_modules/.pnpm/next@15.5.2_@opentelemetry+api@1.9.0_react-dom@19.1.0_react@19.1.0__react@19.1.0/node_modules/next",
      "link": true
    },
    "node_modules/react": {
      "resolved": "../node_modules/.pnpm/react@19.1.0/node_modules/react",
      "link": true
    },
    "node_modules/react-dom": {
      "resolved": "../node_modules/.pnpm/react-dom@19.1.0_react@19.1.0/node_modules/react-dom",
      "link": true
    },
    "node_modules/tailwind-merge": {
      "resolved": "../node_modules/.pnpm/tailwind-merge@3.3.1/node_modules/tailwind-merge",
      "link": true
    },
    "node_modules/tailwindcss": {
      "resolved": "../node_modules/.pnpm/tailwindcss@4.1.12/node_modules/tailwindcss",
      "link": true
    },
    "node_modules/typescript": {
      "resolved": "../node_modules/.pnpm/typescript@5.9.2/node_modules/typescript",
      "link": true
    }
  }
}
